
Microsoft Visual Studio Solution File, Format Version 12.00
# Visual Studio Version 17
VisualStudioVersion = 17.0.32112.339
MinimumVisualStudioVersion = 10.0.40219.1
Project("{9A19103F-16F7-4668-BE54-9A1E7A4F7556}") = "Domain", "src\Domain\Domain.csproj", "{C5E18999-F079-4A2F-ADAA-7B3341D5F137}"
EndProject
Project("{9A19103F-16F7-4668-BE54-9A1E7A4F7556}") = "Infrastructure", "src\Infrastructure\Infrastructure.csproj", "{FC05B632-7422-41DD-917A-A89D5590D881}"
EndProject
Project("{9A19103F-16F7-4668-BE54-9A1E7A4F7556}") = "Application", "src\Application\Application.csproj", "{6D58DF88-D0B1-4FBC-8B1B-406659ABDB8D}"
EndProject
Project("{9A19103F-16F7-4668-BE54-9A1E7A4F7556}") = "WebApi", "src\WebApi\WebApi.csproj", "{7E3ACE97-E61D-4CEA-9D49-E2057402ABA4}"
EndProject
Global
	GlobalSection(SolutionConfigurationPlatforms) = preSolution
		Debug|Any CPU = Debug|Any CPU
		Release|Any CPU = Release|Any CPU
	EndGlobalSection
	GlobalSection(ProjectConfigurationPlatforms) = postSolution
		{C5E18999-F079-4A2F-ADAA-7B3341D5F137}.Debug|Any CPU.ActiveCfg = Debug|Any CPU
		{C5E18999-F079-4A2F-ADAA-7B3341D5F137}.Debug|Any CPU.Build.0 = Debug|Any CPU
		{C5E18999-F079-4A2F-ADAA-7B3341D5F137}.Release|Any CPU.ActiveCfg = Release|Any CPU
		{C5E18999-F079-4A2F-ADAA-7B3341D5F137}.Release|Any CPU.Build.0 = Release|Any CPU
		{FC05B632-7422-41DD-917A-A89D5590D881}.Debug|Any CPU.ActiveCfg = Debug|Any CPU
		{FC05B632-7422-41DD-917A-A89D5590D881}.Debug|Any CPU.Build.0 = Debug|Any CPU
		{FC05B632-7422-41DD-917A-A89D5590D881}.Release|Any CPU.ActiveCfg = Release|Any CPU
		{FC05B632-7422-41DD-917A-A89D5590D881}.Release|Any CPU.Build.0 = Release|Any CPU
		{6D58DF88-D0B1-4FBC-8B1B-406659ABDB8D}.Debug|Any CPU.ActiveCfg = Debug|Any CPU
		{6D58DF88-D0B1-4FBC-8B1B-406659ABDB8D}.Debug|Any CPU.Build.0 = Debug|Any CPU
		{6D58DF88-D0B1-4FBC-8B1B-406659ABDB8D}.Release|Any CPU.ActiveCfg = Release|Any CPU
		{6D58DF88-D0B1-4FBC-8B1B-406659ABDB8D}.Release|Any CPU.Build.0 = Release|Any CPU
		{7E3ACE97-E61D-4CEA-9D49-E2057402ABA4}.Debug|Any CPU.ActiveCfg = Debug|Any CPU
		{7E3ACE97-E61D-4CEA-9D49-E2057402ABA4}.Debug|Any CPU.Build.0 = Debug|Any CPU
		{7E3ACE97-E61D-4CEA-9D49-E2057402ABA4}.Release|Any CPU.ActiveCfg = Release|Any CPU
		{7E3ACE97-E61D-4CEA-9D49-E2057402ABA4}.Release|Any CPU.Build.0 = Release|Any CPU
	EndGlobalSection
	GlobalSection(SolutionProperties) = preSolution
		HideSolutionNode = FALSE
	EndGlobalSection
	GlobalSection(ExtensibilityGlobals) = postSolution
		SolutionGuid = {EC9704BD-45BC-4680-8150-CC3319838B55}
	EndGlobalSection
EndGlobal
