
Microsoft Visual Studio Solution File, Format Version 12.00
# Visual Studio Version 17
VisualStudioVersion = 17.0.32112.339
MinimumVisualStudioVersion = 10.0.40219.1
Project("{9A19103F-16F7-4668-BE54-9A1E7A4F7556}") = "Application", "accounts-api\src\Application\Application.csproj", "{AACEF072-72BA-4F03-ADC6-FCA099FCA96B}"
EndProject
Project("{9A19103F-16F7-4668-BE54-9A1E7A4F7556}") = "Domain", "accounts-api\src\Domain\Domain.csproj", "{7E066B80-5ADF-49F7-BF8A-483D9CC4610E}"
EndProject
Project("{9A19103F-16F7-4668-BE54-9A1E7A4F7556}") = "Infrastructure", "accounts-api\src\Infrastructure\Infrastructure.csproj", "{F246E7EC-482E-469B-B997-C81CFEAB70B8}"
EndProject
Project("{9A19103F-16F7-4668-BE54-9A1E7A4F7556}") = "WebApi", "accounts-api\src\WebApi\WebApi.csproj", "{9BE621CD-EBB9-440B-9F04-C453567E4B58}"
EndProject
Project("{9A19103F-16F7-4668-BE54-9A1E7A4F7556}") = "IdentityServer", "identity-server\IdentityServer.csproj", "{2EB0F702-1E01-46A4-AF37-039E9DC9753B}"
EndProject
Global
	GlobalSection(SolutionConfigurationPlatforms) = preSolution
		Debug|Any CPU = Debug|Any CPU
		Release|Any CPU = Release|Any CPU
	EndGlobalSection
	GlobalSection(ProjectConfigurationPlatforms) = postSolution
		{AACEF072-72BA-4F03-ADC6-FCA099FCA96B}.Debug|Any CPU.ActiveCfg = Debug|Any CPU
		{AACEF072-72BA-4F03-ADC6-FCA099FCA96B}.Debug|Any CPU.Build.0 = Debug|Any CPU
		{AACEF072-72BA-4F03-ADC6-FCA099FCA96B}.Release|Any CPU.ActiveCfg = Release|Any CPU
		{AACEF072-72BA-4F03-ADC6-FCA099FCA96B}.Release|Any CPU.Build.0 = Release|Any CPU
		{7E066B80-5ADF-49F7-BF8A-483D9CC4610E}.Debug|Any CPU.ActiveCfg = Debug|Any CPU
		{7E066B80-5ADF-49F7-BF8A-483D9CC4610E}.Debug|Any CPU.Build.0 = Debug|Any CPU
		{7E066B80-5ADF-49F7-BF8A-483D9CC4610E}.Release|Any CPU.ActiveCfg = Release|Any CPU
		{7E066B80-5ADF-49F7-BF8A-483D9CC4610E}.Release|Any CPU.Build.0 = Release|Any CPU
		{F246E7EC-482E-469B-B997-C81CFEAB70B8}.Debug|Any CPU.ActiveCfg = Debug|Any CPU
		{F246E7EC-482E-469B-B997-C81CFEAB70B8}.Debug|Any CPU.Build.0 = Debug|Any CPU
		{F246E7EC-482E-469B-B997-C81CFEAB70B8}.Release|Any CPU.ActiveCfg = Release|Any CPU
		{F246E7EC-482E-469B-B997-C81CFEAB70B8}.Release|Any CPU.Build.0 = Release|Any CPU
		{9BE621CD-EBB9-440B-9F04-C453567E4B58}.Debug|Any CPU.ActiveCfg = Debug|Any CPU
		{9BE621CD-EBB9-440B-9F04-C453567E4B58}.Debug|Any CPU.Build.0 = Debug|Any CPU
		{9BE621CD-EBB9-440B-9F04-C453567E4B58}.Release|Any CPU.ActiveCfg = Release|Any CPU
		{9BE621CD-EBB9-440B-9F04-C453567E4B58}.Release|Any CPU.Build.0 = Release|Any CPU
		{2EB0F702-1E01-46A4-AF37-039E9DC9753B}.Debug|Any CPU.ActiveCfg = Debug|Any CPU
		{2EB0F702-1E01-46A4-AF37-039E9DC9753B}.Debug|Any CPU.Build.0 = Debug|Any CPU
		{2EB0F702-1E01-46A4-AF37-039E9DC9753B}.Release|Any CPU.ActiveCfg = Release|Any CPU
		{2EB0F702-1E01-46A4-AF37-039E9DC9753B}.Release|Any CPU.Build.0 = Release|Any CPU
	EndGlobalSection
	GlobalSection(SolutionProperties) = preSolution
		HideSolutionNode = FALSE
	EndGlobalSection
	GlobalSection(ExtensibilityGlobals) = postSolution
		SolutionGuid = {EC9704BD-45BC-4680-8150-CC3319838B55}
	EndGlobalSection
EndGlobal
